// !$*UTF8*$!
{
	archiveVersion = 1;
	classes = {
	};
	objectVersion = 46;
	objects = {

/* Begin PBXBuildFile section */
		48DA71E21C6EA44500C29ED6 /* AppDelegate.m in Sources */ = {isa = PBXBuildFile; fileRef = 48DA71DD1C6EA44500C29ED6 /* AppDelegate.m */; };
		48DA71E31C6EA44500C29ED6 /* KeychainItemWrapper.m in Sources */ = {isa = PBXBuildFile; fileRef = 48DA71DF1C6EA44500C29ED6 /* KeychainItemWrapper.m */; settings = {COMPILER_FLAGS = "-fno-objc-arc"; }; };
		48DA71E41C6EA44500C29ED6 /* ViewController.m in Sources */ = {isa = PBXBuildFile; fileRef = 48DA71E11C6EA44500C29ED6 /* ViewController.m */; };
		48DA71E61C6EA45100C29ED6 /* Assets.xcassets in Resources */ = {isa = PBXBuildFile; fileRef = 48DA71E51C6EA45100C29ED6 /* Assets.xcassets */; };
		48DA71E81C6EA47500C29ED6 /* Settings.bundle in Resources */ = {isa = PBXBuildFile; fileRef = 48DA71E71C6EA47500C29ED6 /* Settings.bundle */; };
		48DA71EB1C6EA48E00C29ED6 /* Info.plist in Resources */ = {isa = PBXBuildFile; fileRef = 48DA71E91C6EA48E00C29ED6 /* Info.plist */; };
		48DA71EC1C6EA48E00C29ED6 /* main.m in Sources */ = {isa = PBXBuildFile; fileRef = 48DA71EA1C6EA48E00C29ED6 /* main.m */; };
		48DA72021C6EA4F300C29ED6 /* bootstrap.min.css in Resources */ = {isa = PBXBuildFile; fileRef = 48DA71F61C6EA4F300C29ED6 /* bootstrap.min.css */; };
		48DA72031C6EA4F300C29ED6 /* bootstrap.min.js in Resources */ = {isa = PBXBuildFile; fileRef = 48DA71F71C6EA4F300C29ED6 /* bootstrap.min.js */; };
		48DA72041C6EA4F300C29ED6 /* bselect.css in Resources */ = {isa = PBXBuildFile; fileRef = 48DA71F81C6EA4F300C29ED6 /* bselect.css */; };
		48DA72051C6EA4F300C29ED6 /* bselect.js in Resources */ = {isa = PBXBuildFile; fileRef = 48DA71F91C6EA4F300C29ED6 /* bselect.js */; };
		48DA72061C6EA4F300C29ED6 /* calogo.jpg in Resources */ = {isa = PBXBuildFile; fileRef = 48DA71FA1C6EA4F300C29ED6 /* calogo.jpg */; };
		48DA72071C6EA4F300C29ED6 /* d3.min.js in Resources */ = {isa = PBXBuildFile; fileRef = 48DA71FB1C6EA4F300C29ED6 /* d3.min.js */; };
		48DA72081C6EA4F300C29ED6 /* d3pie.min.js in Resources */ = {isa = PBXBuildFile; fileRef = 48DA71FC1C6EA4F300C29ED6 /* d3pie.min.js */; };
		48DA72091C6EA4F300C29ED6 /* dashboard.html in Resources */ = {isa = PBXBuildFile; fileRef = 48DA71FD1C6EA4F300C29ED6 /* dashboard.html */; };
		48DA720A1C6EA4F300C29ED6 /* index.html in Resources */ = {isa = PBXBuildFile; fileRef = 48DA71FE1C6EA4F300C29ED6 /* index.html */; };
		48DA720B1C6EA4F300C29ED6 /* jquery-2.2.0.min.js in Resources */ = {isa = PBXBuildFile; fileRef = 48DA71FF1C6EA4F300C29ED6 /* jquery-2.2.0.min.js */; };
		48DA720C1C6EA4F300C29ED6 /* normalize.min.css in Resources */ = {isa = PBXBuildFile; fileRef = 48DA72001C6EA4F300C29ED6 /* normalize.min.css */; };
		48DA720D1C6EA4F300C29ED6 /* spin.min.js in Resources */ = {isa = PBXBuildFile; fileRef = 48DA72011C6EA4F300C29ED6 /* spin.min.js */; };
		48DA72181C6EA67D00C29ED6 /* ExecMAAUITests.m in Sources */ = {isa = PBXBuildFile; fileRef = 48DA72161C6EA67D00C29ED6 /* ExecMAAUITests.m */; };
		48DA72191C6EA67D00C29ED6 /* Info.plist in Resources */ = {isa = PBXBuildFile; fileRef = 48DA72171C6EA67D00C29ED6 /* Info.plist */; };
		48DA721C1C6EA68B00C29ED6 /* ExecMAATests.m in Sources */ = {isa = PBXBuildFile; fileRef = 48DA721A1C6EA68B00C29ED6 /* ExecMAATests.m */; };
		48DA721D1C6EA68B00C29ED6 /* Info.plist in Resources */ = {isa = PBXBuildFile; fileRef = 48DA721B1C6EA68B00C29ED6 /* Info.plist */; };
		48DA72221C6EA71D00C29ED6 /* LaunchScreen.storyboard in Resources */ = {isa = PBXBuildFile; fileRef = 48DA721E1C6EA71D00C29ED6 /* LaunchScreen.storyboard */; };
		48DA72231C6EA71D00C29ED6 /* Main.storyboard in Resources */ = {isa = PBXBuildFile; fileRef = 48DA72201C6EA71D00C29ED6 /* Main.storyboard */; };
		D60B64E31C5267E8006B7A5B /* Security.framework in Frameworks */ = {isa = PBXBuildFile; fileRef = D60B64E21C5267E8006B7A5B /* Security.framework */; };
/* End PBXBuildFile section */

/* Begin PBXContainerItemProxy section */
		D625431E1C311EF70079185E /* PBXContainerItemProxy */ = {
			isa = PBXContainerItemProxy;
			containerPortal = D62542F91C311EF60079185E /* Project object */;
			proxyType = 1;
			remoteGlobalIDString = D62543001C311EF60079185E;
			remoteInfo = MAAConsoleApp;
		};
		D62543291C311EF70079185E /* PBXContainerItemProxy */ = {
			isa = PBXContainerItemProxy;
			containerPortal = D62542F91C311EF60079185E /* Project object */;
			proxyType = 1;
			remoteGlobalIDString = D62543001C311EF60079185E;
			remoteInfo = MAAConsoleApp;
		};
/* End PBXContainerItemProxy section */

/* Begin PBXFileReference section */
		48DA71DC1C6EA44500C29ED6 /* AppDelegate.h */ = {isa = PBXFileReference; fileEncoding = 4; lastKnownFileType = sourcecode.c.h; name = AppDelegate.h; path = iOS/ExecMAA/AppDelegate.h; sourceTree = SOURCE_ROOT; };
		48DA71DD1C6EA44500C29ED6 /* AppDelegate.m */ = {isa = PBXFileReference; fileEncoding = 4; lastKnownFileType = sourcecode.c.objc; name = AppDelegate.m; path = iOS/ExecMAA/AppDelegate.m; sourceTree = SOURCE_ROOT; };
		48DA71DE1C6EA44500C29ED6 /* KeychainItemWrapper.h */ = {isa = PBXFileReference; fileEncoding = 4; lastKnownFileType = sourcecode.c.h; name = KeychainItemWrapper.h; path = iOS/ExecMAA/KeychainItemWrapper.h; sourceTree = SOURCE_ROOT; };
		48DA71DF1C6EA44500C29ED6 /* KeychainItemWrapper.m */ = {isa = PBXFileReference; fileEncoding = 4; lastKnownFileType = sourcecode.c.objc; name = KeychainItemWrapper.m; path = iOS/ExecMAA/KeychainItemWrapper.m; sourceTree = SOURCE_ROOT; };
		48DA71E01C6EA44500C29ED6 /* ViewController.h */ = {isa = PBXFileReference; fileEncoding = 4; lastKnownFileType = sourcecode.c.h; name = ViewController.h; path = iOS/ExecMAA/ViewController.h; sourceTree = SOURCE_ROOT; };
		48DA71E11C6EA44500C29ED6 /* ViewController.m */ = {isa = PBXFileReference; fileEncoding = 4; lastKnownFileType = sourcecode.c.objc; name = ViewController.m; path = iOS/ExecMAA/ViewController.m; sourceTree = SOURCE_ROOT; };
		48DA71E51C6EA45100C29ED6 /* Assets.xcassets */ = {isa = PBXFileReference; lastKnownFileType = folder.assetcatalog; name = Assets.xcassets; path = iOS/ExecMAA/Assets.xcassets; sourceTree = SOURCE_ROOT; };
		48DA71E71C6EA47500C29ED6 /* Settings.bundle */ = {isa = PBXFileReference; lastKnownFileType = "wrapper.plug-in"; name = Settings.bundle; path = iOS/ExecMAA/Settings.bundle; sourceTree = SOURCE_ROOT; };
		48DA71E91C6EA48E00C29ED6 /* Info.plist */ = {isa = PBXFileReference; fileEncoding = 4; lastKnownFileType = text.plist.xml; name = Info.plist; path = iOS/ExecMAA/Info.plist; sourceTree = SOURCE_ROOT; };
		48DA71EA1C6EA48E00C29ED6 /* main.m */ = {isa = PBXFileReference; fileEncoding = 4; lastKnownFileType = sourcecode.c.objc; name = main.m; path = iOS/ExecMAA/main.m; sourceTree = SOURCE_ROOT; };
		48DA71F61C6EA4F300C29ED6 /* bootstrap.min.css */ = {isa = PBXFileReference; fileEncoding = 4; lastKnownFileType = text.css; path = bootstrap.min.css; sourceTree = "<group>"; };
		48DA71F71C6EA4F300C29ED6 /* bootstrap.min.js */ = {isa = PBXFileReference; fileEncoding = 4; lastKnownFileType = sourcecode.javascript; path = bootstrap.min.js; sourceTree = "<group>"; };
		48DA71F81C6EA4F300C29ED6 /* bselect.css */ = {isa = PBXFileReference; fileEncoding = 4; lastKnownFileType = text.css; path = bselect.css; sourceTree = "<group>"; };
		48DA71F91C6EA4F300C29ED6 /* bselect.js */ = {isa = PBXFileReference; fileEncoding = 4; lastKnownFileType = sourcecode.javascript; path = bselect.js; sourceTree = "<group>"; };
		48DA71FA1C6EA4F300C29ED6 /* calogo.jpg */ = {isa = PBXFileReference; lastKnownFileType = image.jpeg; path = calogo.jpg; sourceTree = "<group>"; };
		48DA71FB1C6EA4F300C29ED6 /* d3.min.js */ = {isa = PBXFileReference; fileEncoding = 4; lastKnownFileType = sourcecode.javascript; path = d3.min.js; sourceTree = "<group>"; };
		48DA71FC1C6EA4F300C29ED6 /* d3pie.min.js */ = {isa = PBXFileReference; fileEncoding = 4; lastKnownFileType = sourcecode.javascript; path = d3pie.min.js; sourceTree = "<group>"; };
		48DA71FD1C6EA4F300C29ED6 /* dashboard.html */ = {isa = PBXFileReference; fileEncoding = 4; lastKnownFileType = text.html; path = dashboard.html; sourceTree = "<group>"; };
		48DA71FE1C6EA4F300C29ED6 /* index.html */ = {isa = PBXFileReference; fileEncoding = 4; lastKnownFileType = text.html; path = index.html; sourceTree = "<group>"; };
		48DA71FF1C6EA4F300C29ED6 /* jquery-2.2.0.min.js */ = {isa = PBXFileReference; fileEncoding = 4; lastKnownFileType = sourcecode.javascript; path = "jquery-2.2.0.min.js"; sourceTree = "<group>"; };
		48DA72001C6EA4F300C29ED6 /* normalize.min.css */ = {isa = PBXFileReference; fileEncoding = 4; lastKnownFileType = text.css; path = normalize.min.css; sourceTree = "<group>"; };
		48DA72011C6EA4F300C29ED6 /* spin.min.js */ = {isa = PBXFileReference; fileEncoding = 4; lastKnownFileType = sourcecode.javascript; path = spin.min.js; sourceTree = "<group>"; };
		48DA72161C6EA67D00C29ED6 /* ExecMAAUITests.m */ = {isa = PBXFileReference; fileEncoding = 4; lastKnownFileType = sourcecode.c.objc; name = ExecMAAUITests.m; path = iOS/ExecMAAUITests/ExecMAAUITests.m; sourceTree = SOURCE_ROOT; };
		48DA72171C6EA67D00C29ED6 /* Info.plist */ = {isa = PBXFileReference; fileEncoding = 4; lastKnownFileType = text.plist.xml; name = Info.plist; path = iOS/ExecMAAUITests/Info.plist; sourceTree = SOURCE_ROOT; };
		48DA721A1C6EA68B00C29ED6 /* ExecMAATests.m */ = {isa = PBXFileReference; fileEncoding = 4; lastKnownFileType = sourcecode.c.objc; name = ExecMAATests.m; path = iOS/ExecMAATests/ExecMAATests.m; sourceTree = SOURCE_ROOT; };
		48DA721B1C6EA68B00C29ED6 /* Info.plist */ = {isa = PBXFileReference; fileEncoding = 4; lastKnownFileType = text.plist.xml; name = Info.plist; path = iOS/ExecMAATests/Info.plist; sourceTree = SOURCE_ROOT; };
		48DA721F1C6EA71D00C29ED6 /* Base */ = {isa = PBXFileReference; lastKnownFileType = file.storyboard; name = Base; path = iOS/ExecMAA/Base.lproj/LaunchScreen.storyboard; sourceTree = SOURCE_ROOT; };
		48DA72211C6EA71D00C29ED6 /* Base */ = {isa = PBXFileReference; lastKnownFileType = file.storyboard; name = Base; path = iOS/ExecMAA/Base.lproj/Main.storyboard; sourceTree = SOURCE_ROOT; };
		D60B64E21C5267E8006B7A5B /* Security.framework */ = {isa = PBXFileReference; lastKnownFileType = wrapper.framework; name = Security.framework; path = System/Library/Frameworks/Security.framework; sourceTree = SDKROOT; };
		D62543011C311EF70079185E /* ExecMAA.app */ = {isa = PBXFileReference; explicitFileType = wrapper.application; includeInIndex = 0; path = ExecMAA.app; sourceTree = BUILT_PRODUCTS_DIR; };
		D625431D1C311EF70079185E /* ExecMAA.xctest */ = {isa = PBXFileReference; explicitFileType = wrapper.cfbundle; includeInIndex = 0; path = ExecMAA.xctest; sourceTree = BUILT_PRODUCTS_DIR; };
		D62543281C311EF70079185E /* ExecMAA.xctest */ = {isa = PBXFileReference; explicitFileType = wrapper.cfbundle; includeInIndex = 0; path = ExecMAA.xctest; sourceTree = BUILT_PRODUCTS_DIR; };
/* End PBXFileReference section */

/* Begin PBXFrameworksBuildPhase section */
		D62542FE1C311EF60079185E /* Frameworks */ = {
			isa = PBXFrameworksBuildPhase;
			buildActionMask = 2147483647;
			files = (
				D60B64E31C5267E8006B7A5B /* Security.framework in Frameworks */,
			);
			runOnlyForDeploymentPostprocessing = 0;
		};
		D625431A1C311EF70079185E /* Frameworks */ = {
			isa = PBXFrameworksBuildPhase;
			buildActionMask = 2147483647;
			files = (
			);
			runOnlyForDeploymentPostprocessing = 0;
		};
		D62543251C311EF70079185E /* Frameworks */ = {
			isa = PBXFrameworksBuildPhase;
			buildActionMask = 2147483647;
			files = (
			);
			runOnlyForDeploymentPostprocessing = 0;
		};
/* End PBXFrameworksBuildPhase section */

/* Begin PBXGroup section */
		25A80EEA1C5C87E20028799A /* Frameworks */ = {
			isa = PBXGroup;
			children = (
				D60B64E21C5267E8006B7A5B /* Security.framework */,
			);
			name = Frameworks;
			sourceTree = "<group>";
		};
		48DA71F51C6EA4F300C29ED6 /* www */ = {
			isa = PBXGroup;
			children = (
				48DA71F61C6EA4F300C29ED6 /* bootstrap.min.css */,
				48DA71F71C6EA4F300C29ED6 /* bootstrap.min.js */,
				48DA71F81C6EA4F300C29ED6 /* bselect.css */,
				48DA71F91C6EA4F300C29ED6 /* bselect.js */,
				48DA71FA1C6EA4F300C29ED6 /* calogo.jpg */,
				48DA71FB1C6EA4F300C29ED6 /* d3.min.js */,
				48DA71FC1C6EA4F300C29ED6 /* d3pie.min.js */,
				48DA71FD1C6EA4F300C29ED6 /* dashboard.html */,
				48DA71FE1C6EA4F300C29ED6 /* index.html */,
				48DA71FF1C6EA4F300C29ED6 /* jquery-2.2.0.min.js */,
				48DA72001C6EA4F300C29ED6 /* normalize.min.css */,
				48DA72011C6EA4F300C29ED6 /* spin.min.js */,
			);
			path = www;
			sourceTree = SOURCE_ROOT;
		};
		D62542F81C311EF60079185E = {
			isa = PBXGroup;
			children = (
				D62543031C311EF70079185E /* ExecMAA */,
				D62543201C311EF70079185E /* ExecMAATests */,
				D625432B1C311EF70079185E /* ExecMAAUITests */,
				25A80EEA1C5C87E20028799A /* Frameworks */,
				D62543021C311EF70079185E /* Products */,
			);
			sourceTree = "<group>";
		};
		D62543021C311EF70079185E /* Products */ = {
			isa = PBXGroup;
			children = (
				D62543011C311EF70079185E /* ExecMAA.app */,
				D625431D1C311EF70079185E /* ExecMAA.xctest */,
				D62543281C311EF70079185E /* ExecMAA.xctest */,
			);
			name = Products;
			sourceTree = "<group>";
		};
		D62543031C311EF70079185E /* ExecMAA */ = {
			isa = PBXGroup;
			children = (
				48DA71F51C6EA4F300C29ED6 /* www */,
				48DA71DC1C6EA44500C29ED6 /* AppDelegate.h */,
				48DA71DD1C6EA44500C29ED6 /* AppDelegate.m */,
				48DA71DE1C6EA44500C29ED6 /* KeychainItemWrapper.h */,
				48DA71DF1C6EA44500C29ED6 /* KeychainItemWrapper.m */,
				48DA71E01C6EA44500C29ED6 /* ViewController.h */,
				48DA71E11C6EA44500C29ED6 /* ViewController.m */,
				48DA71E51C6EA45100C29ED6 /* Assets.xcassets */,
				48DA721E1C6EA71D00C29ED6 /* LaunchScreen.storyboard */,
				48DA72201C6EA71D00C29ED6 /* Main.storyboard */,
				48DA71E71C6EA47500C29ED6 /* Settings.bundle */,
				D62543041C311EF70079185E /* Supporting Files */,
			);
			name = ExecMAA;
			path = MAAConsoleApp;
			sourceTree = "<group>";
		};
		D62543041C311EF70079185E /* Supporting Files */ = {
			isa = PBXGroup;
			children = (
				48DA71E91C6EA48E00C29ED6 /* Info.plist */,
				48DA71EA1C6EA48E00C29ED6 /* main.m */,
			);
			name = "Supporting Files";
			sourceTree = "<group>";
		};
		D62543201C311EF70079185E /* ExecMAATests */ = {
			isa = PBXGroup;
			children = (
				48DA721A1C6EA68B00C29ED6 /* ExecMAATests.m */,
				48DA721B1C6EA68B00C29ED6 /* Info.plist */,
			);
			name = ExecMAATests;
			path = MAAConsoleAppTests;
			sourceTree = "<group>";
		};
		D625432B1C311EF70079185E /* ExecMAAUITests */ = {
			isa = PBXGroup;
			children = (
				48DA72161C6EA67D00C29ED6 /* ExecMAAUITests.m */,
				48DA72171C6EA67D00C29ED6 /* Info.plist */,
			);
			name = ExecMAAUITests;
			path = MAAConsoleAppUITests;
			sourceTree = "<group>";
		};
/* End PBXGroup section */

/* Begin PBXNativeTarget section */
		D62543001C311EF60079185E /* ExecMAA */ = {
			isa = PBXNativeTarget;
			buildConfigurationList = D62543311C311EF70079185E /* Build configuration list for PBXNativeTarget "ExecMAA" */;
			buildPhases = (
				D62542FD1C311EF60079185E /* Sources */,
				D62542FE1C311EF60079185E /* Frameworks */,
				D62542FF1C311EF60079185E /* Resources */,
			);
			buildRules = (
			);
			dependencies = (
			);
			name = ExecMAA;
			productName = MAAConsoleApp;
			productReference = D62543011C311EF70079185E /* ExecMAA.app */;
			productType = "com.apple.product-type.application";
		};
		D625431C1C311EF70079185E /* ExecMAATests */ = {
			isa = PBXNativeTarget;
			buildConfigurationList = D62543341C311EF70079185E /* Build configuration list for PBXNativeTarget "ExecMAATests" */;
			buildPhases = (
				D62543191C311EF70079185E /* Sources */,
				D625431A1C311EF70079185E /* Frameworks */,
				D625431B1C311EF70079185E /* Resources */,
			);
			buildRules = (
			);
			dependencies = (
				D625431F1C311EF70079185E /* PBXTargetDependency */,
			);
			name = ExecMAATests;
			productName = MAAConsoleAppTests;
			productReference = D625431D1C311EF70079185E /* ExecMAA.xctest */;
			productType = "com.apple.product-type.bundle.unit-test";
		};
		D62543271C311EF70079185E /* ExecMAAUITests */ = {
			isa = PBXNativeTarget;
			buildConfigurationList = D62543371C311EF70079185E /* Build configuration list for PBXNativeTarget "ExecMAAUITests" */;
			buildPhases = (
				D62543241C311EF70079185E /* Sources */,
				D62543251C311EF70079185E /* Frameworks */,
				D62543261C311EF70079185E /* Resources */,
			);
			buildRules = (
			);
			dependencies = (
				D625432A1C311EF70079185E /* PBXTargetDependency */,
			);
			name = ExecMAAUITests;
			productName = MAAConsoleAppUITests;
			productReference = D62543281C311EF70079185E /* ExecMAA.xctest */;
			productType = "com.apple.product-type.bundle.ui-testing";
		};
/* End PBXNativeTarget section */

/* Begin PBXProject section */
		D62542F91C311EF60079185E /* Project object */ = {
			isa = PBXProject;
			attributes = {
				LastUpgradeCheck = 0720;
				ORGANIZATIONNAME = "CA Inc.";
				TargetAttributes = {
					D62543001C311EF60079185E = {
						CreatedOnToolsVersion = 7.0;
						DevelopmentTeam = 2JJZ96P8P5;
					};
					D625431C1C311EF70079185E = {
						CreatedOnToolsVersion = 7.0;
						TestTargetID = D62543001C311EF60079185E;
					};
					D62543271C311EF70079185E = {
						CreatedOnToolsVersion = 7.0;
						TestTargetID = D62543001C311EF60079185E;
					};
				};
			};
			buildConfigurationList = D62542FC1C311EF60079185E /* Build configuration list for PBXProject "ExecMAA" */;
			compatibilityVersion = "Xcode 3.2";
			developmentRegion = English;
			hasScannedForEncodings = 0;
			knownRegions = (
				en,
				Base,
			);
			mainGroup = D62542F81C311EF60079185E;
			productRefGroup = D62543021C311EF70079185E /* Products */;
			projectDirPath = "";
			projectRoot = "";
			targets = (
				D62543001C311EF60079185E /* ExecMAA */,
				D625431C1C311EF70079185E /* ExecMAATests */,
				D62543271C311EF70079185E /* ExecMAAUITests */,
			);
		};
/* End PBXProject section */

/* Begin PBXResourcesBuildPhase section */
		D62542FF1C311EF60079185E /* Resources */ = {
			isa = PBXResourcesBuildPhase;
			buildActionMask = 2147483647;
			files = (
				48DA72081C6EA4F300C29ED6 /* d3pie.min.js in Resources */,
				48DA72031C6EA4F300C29ED6 /* bootstrap.min.js in Resources */,
				48DA72091C6EA4F300C29ED6 /* dashboard.html in Resources */,
				48DA72071C6EA4F300C29ED6 /* d3.min.js in Resources */,
				48DA72021C6EA4F300C29ED6 /* bootstrap.min.css in Resources */,
				48DA720A1C6EA4F300C29ED6 /* index.html in Resources */,
				48DA72231C6EA71D00C29ED6 /* Main.storyboard in Resources */,
				48DA72061C6EA4F300C29ED6 /* calogo.jpg in Resources */,
				48DA72041C6EA4F300C29ED6 /* bselect.css in Resources */,
				48DA71E81C6EA47500C29ED6 /* Settings.bundle in Resources */,
				48DA72221C6EA71D00C29ED6 /* LaunchScreen.storyboard in Resources */,
				48DA72051C6EA4F300C29ED6 /* bselect.js in Resources */,
				48DA720D1C6EA4F300C29ED6 /* spin.min.js in Resources */,
				48DA71E61C6EA45100C29ED6 /* Assets.xcassets in Resources */,
				48DA720C1C6EA4F300C29ED6 /* normalize.min.css in Resources */,
				48DA720B1C6EA4F300C29ED6 /* jquery-2.2.0.min.js in Resources */,
				48DA71EB1C6EA48E00C29ED6 /* Info.plist in Resources */,
			);
			runOnlyForDeploymentPostprocessing = 0;
		};
		D625431B1C311EF70079185E /* Resources */ = {
			isa = PBXResourcesBuildPhase;
			buildActionMask = 2147483647;
			files = (
				48DA721D1C6EA68B00C29ED6 /* Info.plist in Resources */,
			);
			runOnlyForDeploymentPostprocessing = 0;
		};
		D62543261C311EF70079185E /* Resources */ = {
			isa = PBXResourcesBuildPhase;
			buildActionMask = 2147483647;
			files = (
				48DA72191C6EA67D00C29ED6 /* Info.plist in Resources */,
			);
			runOnlyForDeploymentPostprocessing = 0;
		};
/* End PBXResourcesBuildPhase section */

/* Begin PBXSourcesBuildPhase section */
		D62542FD1C311EF60079185E /* Sources */ = {
			isa = PBXSourcesBuildPhase;
			buildActionMask = 2147483647;
			files = (
				48DA71E21C6EA44500C29ED6 /* AppDelegate.m in Sources */,
				48DA71E41C6EA44500C29ED6 /* ViewController.m in Sources */,
				48DA71EC1C6EA48E00C29ED6 /* main.m in Sources */,
				48DA71E31C6EA44500C29ED6 /* KeychainItemWrapper.m in Sources */,
			);
			runOnlyForDeploymentPostprocessing = 0;
		};
		D62543191C311EF70079185E /* Sources */ = {
			isa = PBXSourcesBuildPhase;
			buildActionMask = 2147483647;
			files = (
				48DA721C1C6EA68B00C29ED6 /* ExecMAATests.m in Sources */,
			);
			runOnlyForDeploymentPostprocessing = 0;
		};
		D62543241C311EF70079185E /* Sources */ = {
			isa = PBXSourcesBuildPhase;
			buildActionMask = 2147483647;
			files = (
				48DA72181C6EA67D00C29ED6 /* ExecMAAUITests.m in Sources */,
			);
			runOnlyForDeploymentPostprocessing = 0;
		};
/* End PBXSourcesBuildPhase section */

/* Begin PBXTargetDependency section */
		D625431F1C311EF70079185E /* PBXTargetDependency */ = {
			isa = PBXTargetDependency;
			target = D62543001C311EF60079185E /* ExecMAA */;
			targetProxy = D625431E1C311EF70079185E /* PBXContainerItemProxy */;
		};
		D625432A1C311EF70079185E /* PBXTargetDependency */ = {
			isa = PBXTargetDependency;
			target = D62543001C311EF60079185E /* ExecMAA */;
			targetProxy = D62543291C311EF70079185E /* PBXContainerItemProxy */;
		};
/* End PBXTargetDependency section */

/* Begin PBXVariantGroup section */
		48DA721E1C6EA71D00C29ED6 /* LaunchScreen.storyboard */ = {
			isa = PBXVariantGroup;
			children = (
				48DA721F1C6EA71D00C29ED6 /* Base */,
			);
			name = LaunchScreen.storyboard;
			sourceTree = "<group>";
		};
		48DA72201C6EA71D00C29ED6 /* Main.storyboard */ = {
			isa = PBXVariantGroup;
			children = (
				48DA72211C6EA71D00C29ED6 /* Base */,
			);
			name = Main.storyboard;
			sourceTree = "<group>";
		};
/* End PBXVariantGroup section */

/* Begin XCBuildConfiguration section */
		D625432F1C311EF70079185E /* Debug */ = {
			isa = XCBuildConfiguration;
			buildSettings = {
				ALWAYS_SEARCH_USER_PATHS = NO;
				CLANG_CXX_LANGUAGE_STANDARD = "gnu++0x";
				CLANG_CXX_LIBRARY = "libc++";
				CLANG_ENABLE_MODULES = YES;
				CLANG_ENABLE_OBJC_ARC = YES;
				CLANG_WARN_BOOL_CONVERSION = YES;
				CLANG_WARN_CONSTANT_CONVERSION = YES;
				CLANG_WARN_DIRECT_OBJC_ISA_USAGE = YES_ERROR;
				CLANG_WARN_EMPTY_BODY = YES;
				CLANG_WARN_ENUM_CONVERSION = YES;
				CLANG_WARN_INT_CONVERSION = YES;
				CLANG_WARN_OBJC_ROOT_CLASS = YES_ERROR;
				CLANG_WARN_UNREACHABLE_CODE = YES;
				CLANG_WARN__DUPLICATE_METHOD_MATCH = YES;
				"CODE_SIGN_IDENTITY[sdk=iphoneos*]" = "iPhone Developer";
				COPY_PHASE_STRIP = NO;
				DEBUG_INFORMATION_FORMAT = dwarf;
				ENABLE_STRICT_OBJC_MSGSEND = YES;
				ENABLE_TESTABILITY = YES;
				GCC_C_LANGUAGE_STANDARD = gnu99;
				GCC_DYNAMIC_NO_PIC = NO;
				GCC_NO_COMMON_BLOCKS = YES;
				GCC_OPTIMIZATION_LEVEL = 0;
				GCC_PREPROCESSOR_DEFINITIONS = (
					"DEBUG=1",
					"$(inherited)",
				);
				GCC_WARN_64_TO_32_BIT_CONVERSION = YES;
				GCC_WARN_ABOUT_RETURN_TYPE = YES_ERROR;
				GCC_WARN_UNDECLARED_SELECTOR = YES;
				GCC_WARN_UNINITIALIZED_AUTOS = YES_AGGRESSIVE;
				GCC_WARN_UNUSED_FUNCTION = YES;
				GCC_WARN_UNUSED_VARIABLE = YES;
				IPHONEOS_DEPLOYMENT_TARGET = 9.0;
				MTL_ENABLE_DEBUG_INFO = YES;
				ONLY_ACTIVE_ARCH = YES;
				SDKROOT = iphoneos;
				TARGETED_DEVICE_FAMILY = "1,2";
			};
			name = Debug;
		};
		D62543301C311EF70079185E /* Release */ = {
			isa = XCBuildConfiguration;
			buildSettings = {
				ALWAYS_SEARCH_USER_PATHS = NO;
				CLANG_CXX_LANGUAGE_STANDARD = "gnu++0x";
				CLANG_CXX_LIBRARY = "libc++";
				CLANG_ENABLE_MODULES = YES;
				CLANG_ENABLE_OBJC_ARC = YES;
				CLANG_WARN_BOOL_CONVERSION = YES;
				CLANG_WARN_CONSTANT_CONVERSION = YES;
				CLANG_WARN_DIRECT_OBJC_ISA_USAGE = YES_ERROR;
				CLANG_WARN_EMPTY_BODY = YES;
				CLANG_WARN_ENUM_CONVERSION = YES;
				CLANG_WARN_INT_CONVERSION = YES;
				CLANG_WARN_OBJC_ROOT_CLASS = YES_ERROR;
				CLANG_WARN_UNREACHABLE_CODE = YES;
				CLANG_WARN__DUPLICATE_METHOD_MATCH = YES;
				"CODE_SIGN_IDENTITY[sdk=iphoneos*]" = "iPhone Developer";
				COPY_PHASE_STRIP = NO;
				DEBUG_INFORMATION_FORMAT = "dwarf-with-dsym";
				ENABLE_NS_ASSERTIONS = NO;
				ENABLE_STRICT_OBJC_MSGSEND = YES;
				GCC_C_LANGUAGE_STANDARD = gnu99;
				GCC_NO_COMMON_BLOCKS = YES;
				GCC_WARN_64_TO_32_BIT_CONVERSION = YES;
				GCC_WARN_ABOUT_RETURN_TYPE = YES_ERROR;
				GCC_WARN_UNDECLARED_SELECTOR = YES;
				GCC_WARN_UNINITIALIZED_AUTOS = YES_AGGRESSIVE;
				GCC_WARN_UNUSED_FUNCTION = YES;
				GCC_WARN_UNUSED_VARIABLE = YES;
				IPHONEOS_DEPLOYMENT_TARGET = 9.0;
				MTL_ENABLE_DEBUG_INFO = NO;
				SDKROOT = iphoneos;
				TARGETED_DEVICE_FAMILY = "1,2";
				VALIDATE_PRODUCT = YES;
			};
			name = Release;
		};
		D62543321C311EF70079185E /* Debug */ = {
			isa = XCBuildConfiguration;
			buildSettings = {
				ASSETCATALOG_COMPILER_APPICON_NAME = AppIcon;
				CODE_SIGN_IDENTITY = "iPhone Developer";
				"CODE_SIGN_IDENTITY[sdk=iphoneos*]" = "iPhone Developer";
				DEVELOPMENT_TEAM = 2JJZ96P8P5;
				INFOPLIST_FILE = iOS/ExecMAA/Info.plist;
				IPHONEOS_DEPLOYMENT_TARGET = 8.0;
				LD_RUNPATH_SEARCH_PATHS = "$(inherited) @executable_path/Frameworks";
				PRODUCT_BUNDLE_IDENTIFIER = com.ca.mdo.ExecMAA;
				PRODUCT_NAME = ExecMAA;
				PROVISIONING_PROFILE = "";
				SDKROOT = iphoneos;
			};
			name = Debug;
		};
		D62543331C311EF70079185E /* Release */ = {
			isa = XCBuildConfiguration;
			buildSettings = {
				ASSETCATALOG_COMPILER_APPICON_NAME = AppIcon;
				CODE_SIGN_IDENTITY = "iPhone Developer";
				"CODE_SIGN_IDENTITY[sdk=iphoneos*]" = "iPhone Developer";
				DEVELOPMENT_TEAM = 2JJZ96P8P5;
				INFOPLIST_FILE = iOS/ExecMAA/Info.plist;
				IPHONEOS_DEPLOYMENT_TARGET = 8.0;
				LD_RUNPATH_SEARCH_PATHS = "$(inherited) @executable_path/Frameworks";
				PRODUCT_BUNDLE_IDENTIFIER = com.ca.mdo.ExecMAA;
				PRODUCT_NAME = ExecMAA;
				PROVISIONING_PROFILE = "";
				SDKROOT = iphoneos;
			};
			name = Release;
		};
		D62543351C311EF70079185E /* Debug */ = {
			isa = XCBuildConfiguration;
			buildSettings = {
				BUNDLE_LOADER = "$(TEST_HOST)";
				INFOPLIST_FILE = MAAConsoleAppTests/Info.plist;
				LD_RUNPATH_SEARCH_PATHS = "$(inherited) @executable_path/Frameworks @loader_path/Frameworks";
				PRODUCT_BUNDLE_IDENTIFIER = com.ca.mdo.MAAConsoleAppTests;
				PRODUCT_NAME = ExecMAA;
				TEST_HOST = "$(BUILT_PRODUCTS_DIR)/ExecMAA.app/ExecMAA";
			};
			name = Debug;
		};
		D62543361C311EF70079185E /* Release */ = {
			isa = XCBuildConfiguration;
			buildSettings = {
				BUNDLE_LOADER = "$(TEST_HOST)";
				INFOPLIST_FILE = MAAConsoleAppTests/Info.plist;
				LD_RUNPATH_SEARCH_PATHS = "$(inherited) @executable_path/Frameworks @loader_path/Frameworks";
				PRODUCT_BUNDLE_IDENTIFIER = com.ca.mdo.MAAConsoleAppTests;
				PRODUCT_NAME = ExecMAA;
				TEST_HOST = "$(BUILT_PRODUCTS_DIR)/ExecMAA.app/ExecMAA";
			};
			name = Release;
		};
		D62543381C311EF70079185E /* Debug */ = {
			isa = XCBuildConfiguration;
			buildSettings = {
				INFOPLIST_FILE = MAAConsoleAppUITests/Info.plist;
				LD_RUNPATH_SEARCH_PATHS = "$(inherited) @executable_path/Frameworks @loader_path/Frameworks";
				PRODUCT_BUNDLE_IDENTIFIER = com.ca.mdo.MAAConsoleAppUITests;
				PRODUCT_NAME = ExecMAA;
				TEST_TARGET_NAME = MAAConsoleApp;
				USES_XCTRUNNER = YES;
			};
			name = Debug;
		};
		D62543391C311EF70079185E /* Release */ = {
			isa = XCBuildConfiguration;
			buildSettings = {
				INFOPLIST_FILE = MAAConsoleAppUITests/Info.plist;
				LD_RUNPATH_SEARCH_PATHS = "$(inherited) @executable_path/Frameworks @loader_path/Frameworks";
				PRODUCT_BUNDLE_IDENTIFIER = com.ca.mdo.MAAConsoleAppUITests;
				PRODUCT_NAME = ExecMAA;
				TEST_TARGET_NAME = MAAConsoleApp;
				USES_XCTRUNNER = YES;
			};
			name = Release;
		};
/* End XCBuildConfiguration section */

/* Begin XCConfigurationList section */
		D62542FC1C311EF60079185E /* Build configuration list for PBXProject "ExecMAA" */ = {
			isa = XCConfigurationList;
			buildConfigurations = (
				D625432F1C311EF70079185E /* Debug */,
				D62543301C311EF70079185E /* Release */,
			);
			defaultConfigurationIsVisible = 0;
			defaultConfigurationName = Release;
		};
		D62543311C311EF70079185E /* Build configuration list for PBXNativeTarget "ExecMAA" */ = {
			isa = XCConfigurationList;
			buildConfigurations = (
				D62543321C311EF70079185E /* Debug */,
				D62543331C311EF70079185E /* Release */,
			);
			defaultConfigurationIsVisible = 0;
			defaultConfigurationName = Release;
		};
		D62543341C311EF70079185E /* Build configuration list for PBXNativeTarget "ExecMAATests" */ = {
			isa = XCConfigurationList;
			buildConfigurations = (
				D62543351C311EF70079185E /* Debug */,
				D62543361C311EF70079185E /* Release */,
			);
			defaultConfigurationIsVisible = 0;
			defaultConfigurationName = Release;
		};
		D62543371C311EF70079185E /* Build configuration list for PBXNativeTarget "ExecMAAUITests" */ = {
			isa = XCConfigurationList;
			buildConfigurations = (
				D62543381C311EF70079185E /* Debug */,
				D62543391C311EF70079185E /* Release */,
			);
			defaultConfigurationIsVisible = 0;
			defaultConfigurationName = Release;
		};
/* End XCConfigurationList section */
	};
	rootObject = D62542F91C311EF60079185E /* Project object */;
}
